
Microsoft Visual Studio Solution File, Format Version 12.00
# Visual Studio Version 16
VisualStudioVersion = 16.0.31729.503
MinimumVisualStudioVersion = 10.0.40219.1
Project("{FAE04EC0-301F-11D3-BF4B-00C04F79EFBC}") = "SampleAPI", "SampleAPI\SampleAPI.csproj", "{405416BD-B48E-4938-9725-5E54E0193B61}"
EndProject
Project("{FAE04EC0-301F-11D3-BF4B-00C04F79EFBC}") = "SampleCallerApi", "SampleCallerApi\SampleCallerApi.csproj", "{F51F47A0-D6C8-41BE-9D4D-390CF35CA156}"
EndProject
Global
	GlobalSection(SolutionConfigurationPlatforms) = preSolution
		Debug|Any CPU = Debug|Any CPU
		Release|Any CPU = Release|Any CPU
	EndGlobalSection
	GlobalSection(ProjectConfigurationPlatforms) = postSolution
		{405416BD-B48E-4938-9725-5E54E0193B61}.Debug|Any CPU.ActiveCfg = Debug|Any CPU
		{405416BD-B48E-4938-9725-5E54E0193B61}.Debug|Any CPU.Build.0 = Debug|Any CPU
		{405416BD-B48E-4938-9725-5E54E0193B61}.Release|Any CPU.ActiveCfg = Release|Any CPU
		{405416BD-B48E-4938-9725-5E54E0193B61}.Release|Any CPU.Build.0 = Release|Any CPU
		{F51F47A0-D6C8-41BE-9D4D-390CF35CA156}.Debug|Any CPU.ActiveCfg = Debug|Any CPU
		{F51F47A0-D6C8-41BE-9D4D-390CF35CA156}.Debug|Any CPU.Build.0 = Debug|Any CPU
		{F51F47A0-D6C8-41BE-9D4D-390CF35CA156}.Release|Any CPU.ActiveCfg = Release|Any CPU
		{F51F47A0-D6C8-41BE-9D4D-390CF35CA156}.Release|Any CPU.Build.0 = Release|Any CPU
	EndGlobalSection
	GlobalSection(SolutionProperties) = preSolution
		HideSolutionNode = FALSE
	EndGlobalSection
	GlobalSection(ExtensibilityGlobals) = postSolution
		SolutionGuid = {AC8C690A-4E84-4750-964C-1B32FE16C6E3}
	EndGlobalSection
EndGlobal
